<?xml version="1.0" encoding="utf-8"?>
<Project ToolsVersion="17.0" xmlns="http://schemas.microsoft.com/developer/msbuild/2003">
  <ItemGroup>
    <CustomBuild Include="C:\Users\ESA\Desktop\NTPU\homework\113-1_Computer Graphics\SimpleDrawing\include\GLM\CMakeFiles\68a7282f025ecec3bd25d43427b74795\INSTALL_force.rule">
      <Filter>CMake Rules</Filter>
    </CustomBuild>
  </ItemGroup>
  <ItemGroup>
    <Filter Include="CMake Rules">
      <UniqueIdentifier>{E6526543-C473-328B-A1FE-2C72CF0E5689}</UniqueIdentifier>
    </Filter>
  </ItemGroup>
</Project>
